// !$*UTF8*$!
{
	archiveVersion = 1;
	classes = {
	};
	objectVersion = 52;
	objects = {

/* Begin PBXBuildFile section */
		125CB52CAEA1FD7F75132163 /* Pods_iBunker.framework in Frameworks */ = {isa = PBXBuildFile; fileRef = A4B1A4FB446A2F7FC070D765 /* Pods_iBunker.framework */; };
		5700DCDA237A268C00E423C5 /* BookingProcessStepOneView.swift in Sources */ = {isa = PBXBuildFile; fileRef = 5700DCD8237A1EFB00E423C5 /* BookingProcessStepOneView.swift */; };
		5700DCDC237A2FF500E423C5 /* ButtonView.swift in Sources */ = {isa = PBXBuildFile; fileRef = 5700DCDB237A2FF500E423C5 /* ButtonView.swift */; };
		57183F0A2366B2EA00BB93C2 /* LocationManager.swift in Sources */ = {isa = PBXBuildFile; fileRef = 57183F092366B2EA00BB93C2 /* LocationManager.swift */; };
		571B73D2237E556700CE83E7 /* GoogleService-Info.plist in Resources */ = {isa = PBXBuildFile; fileRef = 571B73D1237E556600CE83E7 /* GoogleService-Info.plist */; };
		575F8EEB236017A300C360AE /* HttpAuth.swift in Sources */ = {isa = PBXBuildFile; fileRef = 575F8EEA236017A300C360AE /* HttpAuth.swift */; };
		575F8EED2360186000C360AE /* DashboardView.swift in Sources */ = {isa = PBXBuildFile; fileRef = 575F8EEC2360186000C360AE /* DashboardView.swift */; };
		575F8EEF236018AD00C360AE /* RootView.swift in Sources */ = {isa = PBXBuildFile; fileRef = 575F8EEE236018AD00C360AE /* RootView.swift */; };
		576FC5692361591E00D63BDB /* RegistrationView.swift in Sources */ = {isa = PBXBuildFile; fileRef = 576FC5682361591E00D63BDB /* RegistrationView.swift */; };
		576FC56B236159F300D63BDB /* FindSpacesView.swift in Sources */ = {isa = PBXBuildFile; fileRef = 576FC56A236159F300D63BDB /* FindSpacesView.swift */; };
		576FC56F236162CD00D63BDB /* GetSpacesAround.swift in Sources */ = {isa = PBXBuildFile; fileRef = 576FC56E236162CD00D63BDB /* GetSpacesAround.swift */; };
		576FC5712361786D00D63BDB /* ImageView.swift in Sources */ = {isa = PBXBuildFile; fileRef = 576FC5702361786D00D63BDB /* ImageView.swift */; };
		576FC5752361904200D63BDB /* SpacesDetailsView.swift in Sources */ = {isa = PBXBuildFile; fileRef = 576FC5742361904200D63BDB /* SpacesDetailsView.swift */; };
		57887EBA2367A28D006DAE93 /* LoginView.swift in Sources */ = {isa = PBXBuildFile; fileRef = 579D25E6235E31D500251EA9 /* LoginView.swift */; };
		579819A9237B9BA000E39BC8 /* DashboardTabBarSUIView.swift in Sources */ = {isa = PBXBuildFile; fileRef = 579819A8237B9BA000E39BC8 /* DashboardTabBarSUIView.swift */; };
		579819AC237B9BF600E39BC8 /* BottomBar-SwiftUI in Frameworks */ = {isa = PBXBuildFile; productRef = 579819AB237B9BF600E39BC8 /* BottomBar-SwiftUI */; };
		57E83D092376FD580043D067 /* SpaceListViewModel.swift in Sources */ = {isa = PBXBuildFile; fileRef = 57E83D082376FD580043D067 /* SpaceListViewModel.swift */; };
		57F1C9AE23820C0500001082 /* BookingProcess.swift in Sources */ = {isa = PBXBuildFile; fileRef = 57F1C9AD23820C0500001082 /* BookingProcess.swift */; };
		57F1C9B1238248F400001082 /* Extensions.swift in Sources */ = {isa = PBXBuildFile; fileRef = 57F1C9B0238248F400001082 /* Extensions.swift */; };
		57FA5096236488C4005B3BA2 /* DashboardTabBarView.swift in Sources */ = {isa = PBXBuildFile; fileRef = 57FA5095236488C4005B3BA2 /* DashboardTabBarView.swift */; };
		7F4EFA9B237602620021C60B /* SpaceViewModel.swift in Sources */ = {isa = PBXBuildFile; fileRef = 7F4EFA98237600970021C60B /* SpaceViewModel.swift */; };
		7F4EFA9C2376026F0021C60B /* SpacesRow.swift in Sources */ = {isa = PBXBuildFile; fileRef = 576FC57223618DA500D63BDB /* SpacesRow.swift */; };
		7FA647D4235E02F40053C117 /* CircleImage.swift in Sources */ = {isa = PBXBuildFile; fileRef = 7FA647D3235E02F40053C117 /* CircleImage.swift */; };
		8B0C3F70235A4688000066E7 /* AppDelegate.swift in Sources */ = {isa = PBXBuildFile; fileRef = 8B0C3F6F235A4688000066E7 /* AppDelegate.swift */; };
		8B0C3F72235A4688000066E7 /* SceneDelegate.swift in Sources */ = {isa = PBXBuildFile; fileRef = 8B0C3F71235A4688000066E7 /* SceneDelegate.swift */; };
		8B0C3F74235A4688000066E7 /* ContentView.swift in Sources */ = {isa = PBXBuildFile; fileRef = 8B0C3F73235A4688000066E7 /* ContentView.swift */; };
		8B0C3F76235A4689000066E7 /* Assets.xcassets in Resources */ = {isa = PBXBuildFile; fileRef = 8B0C3F75235A4689000066E7 /* Assets.xcassets */; };
		8B0C3F79235A4689000066E7 /* Preview Assets.xcassets in Resources */ = {isa = PBXBuildFile; fileRef = 8B0C3F78235A4689000066E7 /* Preview Assets.xcassets */; };
		8B0C3F7C235A4689000066E7 /* LaunchScreen.storyboard in Resources */ = {isa = PBXBuildFile; fileRef = 8B0C3F7A235A4689000066E7 /* LaunchScreen.storyboard */; };
		8B0C3F91235A5D99000066E7 /* LoginDTO.swift in Sources */ = {isa = PBXBuildFile; fileRef = 8B0C3F90235A5D99000066E7 /* LoginDTO.swift */; };
		8B0C3F93235A5DC4000066E7 /* UserDTO.swift in Sources */ = {isa = PBXBuildFile; fileRef = 8B0C3F92235A5DC4000066E7 /* UserDTO.swift */; };
		8BB68FC1235A5E6E00BD68EB /* ConfigurationView.swift in Sources */ = {isa = PBXBuildFile; fileRef = 8BB68FC0235A5E6E00BD68EB /* ConfigurationView.swift */; };
/* End PBXBuildFile section */

/* Begin PBXFileReference section */
		0DF9C2DB1E6E07EE96AE6154 /* Pods-iBunker.release.xcconfig */ = {isa = PBXFileReference; includeInIndex = 1; lastKnownFileType = text.xcconfig; name = "Pods-iBunker.release.xcconfig"; path = "Target Support Files/Pods-iBunker/Pods-iBunker.release.xcconfig"; sourceTree = "<group>"; };
		5700DCD8237A1EFB00E423C5 /* BookingProcessStepOneView.swift */ = {isa = PBXFileReference; lastKnownFileType = sourcecode.swift; path = BookingProcessStepOneView.swift; sourceTree = "<group>"; };
		5700DCDB237A2FF500E423C5 /* ButtonView.swift */ = {isa = PBXFileReference; lastKnownFileType = sourcecode.swift; path = ButtonView.swift; sourceTree = "<group>"; };
		57183F092366B2EA00BB93C2 /* LocationManager.swift */ = {isa = PBXFileReference; lastKnownFileType = sourcecode.swift; path = LocationManager.swift; sourceTree = "<group>"; };
		57183F0B2366B61800BB93C2 /* CurrentLocationGPX.gpx */ = {isa = PBXFileReference; lastKnownFileType = text.xml; path = CurrentLocationGPX.gpx; sourceTree = "<group>"; };
		571B73D1237E556600CE83E7 /* GoogleService-Info.plist */ = {isa = PBXFileReference; fileEncoding = 4; lastKnownFileType = text.plist.xml; name = "GoogleService-Info.plist"; path = "../../../../Downloads/GoogleService-Info.plist"; sourceTree = "<group>"; };
		575F8EEA236017A300C360AE /* HttpAuth.swift */ = {isa = PBXFileReference; lastKnownFileType = sourcecode.swift; path = HttpAuth.swift; sourceTree = "<group>"; };
		575F8EEC2360186000C360AE /* DashboardView.swift */ = {isa = PBXFileReference; lastKnownFileType = sourcecode.swift; path = DashboardView.swift; sourceTree = "<group>"; };
		575F8EEE236018AD00C360AE /* RootView.swift */ = {isa = PBXFileReference; lastKnownFileType = sourcecode.swift; path = RootView.swift; sourceTree = "<group>"; };
		576FC5682361591E00D63BDB /* RegistrationView.swift */ = {isa = PBXFileReference; lastKnownFileType = sourcecode.swift; path = RegistrationView.swift; sourceTree = "<group>"; };
		576FC56A236159F300D63BDB /* FindSpacesView.swift */ = {isa = PBXFileReference; lastKnownFileType = sourcecode.swift; path = FindSpacesView.swift; sourceTree = "<group>"; };
		576FC56E236162CD00D63BDB /* GetSpacesAround.swift */ = {isa = PBXFileReference; lastKnownFileType = sourcecode.swift; path = GetSpacesAround.swift; sourceTree = "<group>"; };
		576FC5702361786D00D63BDB /* ImageView.swift */ = {isa = PBXFileReference; lastKnownFileType = sourcecode.swift; path = ImageView.swift; sourceTree = "<group>"; };
		576FC57223618DA500D63BDB /* SpacesRow.swift */ = {isa = PBXFileReference; lastKnownFileType = sourcecode.swift; path = SpacesRow.swift; sourceTree = "<group>"; };
		576FC5742361904200D63BDB /* SpacesDetailsView.swift */ = {isa = PBXFileReference; lastKnownFileType = sourcecode.swift; path = SpacesDetailsView.swift; sourceTree = "<group>"; };
		579819A8237B9BA000E39BC8 /* DashboardTabBarSUIView.swift */ = {isa = PBXFileReference; lastKnownFileType = sourcecode.swift; path = DashboardTabBarSUIView.swift; sourceTree = "<group>"; };
		579D25E6235E31D500251EA9 /* LoginView.swift */ = {isa = PBXFileReference; lastKnownFileType = sourcecode.swift; path = LoginView.swift; sourceTree = "<group>"; };
		57E83D082376FD580043D067 /* SpaceListViewModel.swift */ = {isa = PBXFileReference; lastKnownFileType = sourcecode.swift; path = SpaceListViewModel.swift; sourceTree = "<group>"; };
		57F1C9AD23820C0500001082 /* BookingProcess.swift */ = {isa = PBXFileReference; lastKnownFileType = sourcecode.swift; path = BookingProcess.swift; sourceTree = "<group>"; };
		57F1C9B0238248F400001082 /* Extensions.swift */ = {isa = PBXFileReference; lastKnownFileType = sourcecode.swift; path = Extensions.swift; sourceTree = "<group>"; };
		57FA5095236488C4005B3BA2 /* DashboardTabBarView.swift */ = {isa = PBXFileReference; lastKnownFileType = sourcecode.swift; path = DashboardTabBarView.swift; sourceTree = "<group>"; };
		7F4EFA98237600970021C60B /* SpaceViewModel.swift */ = {isa = PBXFileReference; lastKnownFileType = sourcecode.swift; path = SpaceViewModel.swift; sourceTree = "<group>"; };
		7FA647D3235E02F40053C117 /* CircleImage.swift */ = {isa = PBXFileReference; lastKnownFileType = sourcecode.swift; path = CircleImage.swift; sourceTree = "<group>"; };
		8B0C3F6C235A4688000066E7 /* iBunker.app */ = {isa = PBXFileReference; explicitFileType = wrapper.application; includeInIndex = 0; path = iBunker.app; sourceTree = BUILT_PRODUCTS_DIR; };
		8B0C3F6F235A4688000066E7 /* AppDelegate.swift */ = {isa = PBXFileReference; lastKnownFileType = sourcecode.swift; path = AppDelegate.swift; sourceTree = "<group>"; };
		8B0C3F71235A4688000066E7 /* SceneDelegate.swift */ = {isa = PBXFileReference; lastKnownFileType = sourcecode.swift; path = SceneDelegate.swift; sourceTree = "<group>"; };
		8B0C3F73235A4688000066E7 /* ContentView.swift */ = {isa = PBXFileReference; lastKnownFileType = sourcecode.swift; path = ContentView.swift; sourceTree = "<group>"; };
		8B0C3F75235A4689000066E7 /* Assets.xcassets */ = {isa = PBXFileReference; lastKnownFileType = folder.assetcatalog; path = Assets.xcassets; sourceTree = "<group>"; };
		8B0C3F78235A4689000066E7 /* Preview Assets.xcassets */ = {isa = PBXFileReference; lastKnownFileType = folder.assetcatalog; path = "Preview Assets.xcassets"; sourceTree = "<group>"; };
		8B0C3F7B235A4689000066E7 /* Base */ = {isa = PBXFileReference; lastKnownFileType = file.storyboard; name = Base; path = Base.lproj/LaunchScreen.storyboard; sourceTree = "<group>"; };
		8B0C3F7D235A4689000066E7 /* Info.plist */ = {isa = PBXFileReference; lastKnownFileType = text.plist.xml; path = Info.plist; sourceTree = "<group>"; };
		8B0C3F90235A5D99000066E7 /* LoginDTO.swift */ = {isa = PBXFileReference; lastKnownFileType = sourcecode.swift; path = LoginDTO.swift; sourceTree = "<group>"; };
		8B0C3F92235A5DC4000066E7 /* UserDTO.swift */ = {isa = PBXFileReference; lastKnownFileType = sourcecode.swift; path = UserDTO.swift; sourceTree = "<group>"; };
		8BB68FC0235A5E6E00BD68EB /* ConfigurationView.swift */ = {isa = PBXFileReference; lastKnownFileType = sourcecode.swift; path = ConfigurationView.swift; sourceTree = "<group>"; };
		A4B1A4FB446A2F7FC070D765 /* Pods_iBunker.framework */ = {isa = PBXFileReference; explicitFileType = wrapper.framework; includeInIndex = 0; path = Pods_iBunker.framework; sourceTree = BUILT_PRODUCTS_DIR; };
		E002677927211F7AC7A4195C /* Pods-iBunker.debug.xcconfig */ = {isa = PBXFileReference; includeInIndex = 1; lastKnownFileType = text.xcconfig; name = "Pods-iBunker.debug.xcconfig"; path = "Target Support Files/Pods-iBunker/Pods-iBunker.debug.xcconfig"; sourceTree = "<group>"; };
/* End PBXFileReference section */

/* Begin PBXFrameworksBuildPhase section */
		8B0C3F69235A4688000066E7 /* Frameworks */ = {
			isa = PBXFrameworksBuildPhase;
			buildActionMask = 2147483647;
			files = (
				579819AC237B9BF600E39BC8 /* BottomBar-SwiftUI in Frameworks */,
				125CB52CAEA1FD7F75132163 /* Pods_iBunker.framework in Frameworks */,
			);
			runOnlyForDeploymentPostprocessing = 0;
		};
/* End PBXFrameworksBuildPhase section */

/* Begin PBXGroup section */
		202B21C8DF679527589DE1F6 /* Frameworks */ = {
			isa = PBXGroup;
			children = (
				A4B1A4FB446A2F7FC070D765 /* Pods_iBunker.framework */,
			);
			name = Frameworks;
			sourceTree = "<group>";
		};
		57887EB923679D5B006DAE93 /* Location */ = {
			isa = PBXGroup;
			children = (
				57183F0B2366B61800BB93C2 /* CurrentLocationGPX.gpx */,
				57183F092366B2EA00BB93C2 /* LocationManager.swift */,
			);
			path = Location;
			sourceTree = "<group>";
		};
		579D25E5235E31A600251EA9 /* Views */ = {
			isa = PBXGroup;
			children = (
				8BB68FC0235A5E6E00BD68EB /* ConfigurationView.swift */,
				579D25E6235E31D500251EA9 /* LoginView.swift */,
				575F8EEC2360186000C360AE /* DashboardView.swift */,
				575F8EEE236018AD00C360AE /* RootView.swift */,
				576FC5682361591E00D63BDB /* RegistrationView.swift */,
				576FC56A236159F300D63BDB /* FindSpacesView.swift */,
				576FC5702361786D00D63BDB /* ImageView.swift */,
				576FC57223618DA500D63BDB /* SpacesRow.swift */,
				576FC5742361904200D63BDB /* SpacesDetailsView.swift */,
				57FA5095236488C4005B3BA2 /* DashboardTabBarView.swift */,
				5700DCD8237A1EFB00E423C5 /* BookingProcessStepOneView.swift */,
				579819A8237B9BA000E39BC8 /* DashboardTabBarSUIView.swift */,
			);
			path = Views;
			sourceTree = "<group>";
		};
		579D25E8235E31ED00251EA9 /* Resources */ = {
			isa = PBXGroup;
			children = (
				8B0C3F75235A4689000066E7 /* Assets.xcassets */,
				8B0C3F7A235A4689000066E7 /* LaunchScreen.storyboard */,
				57887EB923679D5B006DAE93 /* Location */,
			);
			path = Resources;
			sourceTree = "<group>";
		};
		57F1C9AF238248D300001082 /* Extensions */ = {
			isa = PBXGroup;
			children = (
				57F1C9B0238248F400001082 /* Extensions.swift */,
			);
			path = Extensions;
			sourceTree = "<group>";
		};
		7F4EFA97237600670021C60B /* ViewModels */ = {
			isa = PBXGroup;
			children = (
				7F4EFA98237600970021C60B /* SpaceViewModel.swift */,
				57E83D082376FD580043D067 /* SpaceListViewModel.swift */,
				5700DCDB237A2FF500E423C5 /* ButtonView.swift */,
			);
			path = ViewModels;
			sourceTree = "<group>";
		};
		8B0C3F63235A4688000066E7 = {
			isa = PBXGroup;
			children = (
				8B0C3F6E235A4688000066E7 /* iBunker */,
				8B0C3F6D235A4688000066E7 /* Products */,
				A0970F0C877C622EBF90B6DB /* Pods */,
				202B21C8DF679527589DE1F6 /* Frameworks */,
			);
			sourceTree = "<group>";
		};
		8B0C3F6D235A4688000066E7 /* Products */ = {
			isa = PBXGroup;
			children = (
				8B0C3F6C235A4688000066E7 /* iBunker.app */,
			);
			name = Products;
			sourceTree = "<group>";
		};
		8B0C3F6E235A4688000066E7 /* iBunker */ = {
			isa = PBXGroup;
			children = (
				57F1C9AF238248D300001082 /* Extensions */,
				7F4EFA97237600670021C60B /* ViewModels */,
				579D25E8235E31ED00251EA9 /* Resources */,
				579D25E5235E31A600251EA9 /* Views */,
				8B0C3F94235A5DDF000066E7 /* Services */,
				8B0C3F8F235A5D83000066E7 /* Models */,
				8B0C3F6F235A4688000066E7 /* AppDelegate.swift */,
				8B0C3F71235A4688000066E7 /* SceneDelegate.swift */,
				8B0C3F73235A4688000066E7 /* ContentView.swift */,
				8B0C3F77235A4689000066E7 /* Preview Content */,
				7FA647D3235E02F40053C117 /* CircleImage.swift */,
				8B0C3F7D235A4689000066E7 /* Info.plist */,
				571B73D1237E556600CE83E7 /* GoogleService-Info.plist */,
			);
			path = iBunker;
			sourceTree = "<group>";
		};
		8B0C3F77235A4689000066E7 /* Preview Content */ = {
			isa = PBXGroup;
			children = (
				8B0C3F78235A4689000066E7 /* Preview Assets.xcassets */,
			);
			path = "Preview Content";
			sourceTree = "<group>";
		};
		8B0C3F8F235A5D83000066E7 /* Models */ = {
			isa = PBXGroup;
			children = (
				8B0C3F90235A5D99000066E7 /* LoginDTO.swift */,
				8B0C3F92235A5DC4000066E7 /* UserDTO.swift */,
			);
			path = Models;
			sourceTree = "<group>";
		};
		8B0C3F94235A5DDF000066E7 /* Services */ = {
			isa = PBXGroup;
			children = (
				575F8EEA236017A300C360AE /* HttpAuth.swift */,
				576FC56E236162CD00D63BDB /* GetSpacesAround.swift */,
				57F1C9AD23820C0500001082 /* BookingProcess.swift */,
			);
			path = Services;
			sourceTree = "<group>";
		};
		A0970F0C877C622EBF90B6DB /* Pods */ = {
			isa = PBXGroup;
			children = (
				E002677927211F7AC7A4195C /* Pods-iBunker.debug.xcconfig */,
				0DF9C2DB1E6E07EE96AE6154 /* Pods-iBunker.release.xcconfig */,
			);
			path = Pods;
			sourceTree = "<group>";
		};
/* End PBXGroup section */

/* Begin PBXNativeTarget section */
		8B0C3F6B235A4688000066E7 /* iBunker */ = {
			isa = PBXNativeTarget;
			buildConfigurationList = 8B0C3F80235A4689000066E7 /* Build configuration list for PBXNativeTarget "iBunker" */;
			buildPhases = (
				341DA7B42FBE36EDB1B2FA27 /* [CP] Check Pods Manifest.lock */,
				8B0C3F68235A4688000066E7 /* Sources */,
				8B0C3F69235A4688000066E7 /* Frameworks */,
				8B0C3F6A235A4688000066E7 /* Resources */,
				A63AF815DF231A54736B7149 /* [CP] Embed Pods Frameworks */,
			);
			buildRules = (
			);
			dependencies = (
			);
			name = iBunker;
			packageProductDependencies = (
				579819AB237B9BF600E39BC8 /* BottomBar-SwiftUI */,
			);
			productName = iBunker;
			productReference = 8B0C3F6C235A4688000066E7 /* iBunker.app */;
			productType = "com.apple.product-type.application";
		};
/* End PBXNativeTarget section */

/* Begin PBXProject section */
		8B0C3F64235A4688000066E7 /* Project object */ = {
			isa = PBXProject;
			attributes = {
				LastSwiftUpdateCheck = 1110;
				LastUpgradeCheck = 1110;
				ORGANIZATIONNAME = Developer;
				TargetAttributes = {
					8B0C3F6B235A4688000066E7 = {
						CreatedOnToolsVersion = 11.1;
					};
				};
			};
			buildConfigurationList = 8B0C3F67235A4688000066E7 /* Build configuration list for PBXProject "iBunker" */;
			compatibilityVersion = "Xcode 9.3";
			developmentRegion = en;
			hasScannedForEncodings = 0;
			knownRegions = (
				en,
				Base,
			);
			mainGroup = 8B0C3F63235A4688000066E7;
			packageReferences = (
				579819AA237B9BF600E39BC8 /* XCRemoteSwiftPackageReference "bottombar-swiftui" */,
			);
			productRefGroup = 8B0C3F6D235A4688000066E7 /* Products */;
			projectDirPath = "";
			projectRoot = "";
			targets = (
				8B0C3F6B235A4688000066E7 /* iBunker */,
			);
		};
/* End PBXProject section */

/* Begin PBXResourcesBuildPhase section */
		8B0C3F6A235A4688000066E7 /* Resources */ = {
			isa = PBXResourcesBuildPhase;
			buildActionMask = 2147483647;
			files = (
				8B0C3F7C235A4689000066E7 /* LaunchScreen.storyboard in Resources */,
				571B73D2237E556700CE83E7 /* GoogleService-Info.plist in Resources */,
				8B0C3F79235A4689000066E7 /* Preview Assets.xcassets in Resources */,
				8B0C3F76235A4689000066E7 /* Assets.xcassets in Resources */,
			);
			runOnlyForDeploymentPostprocessing = 0;
		};
/* End PBXResourcesBuildPhase section */

/* Begin PBXShellScriptBuildPhase section */
		341DA7B42FBE36EDB1B2FA27 /* [CP] Check Pods Manifest.lock */ = {
			isa = PBXShellScriptBuildPhase;
			buildActionMask = 2147483647;
			files = (
			);
			inputFileListPaths = (
			);
			inputPaths = (
				"${PODS_PODFILE_DIR_PATH}/Podfile.lock",
				"${PODS_ROOT}/Manifest.lock",
			);
			name = "[CP] Check Pods Manifest.lock";
			outputFileListPaths = (
			);
			outputPaths = (
				"$(DERIVED_FILE_DIR)/Pods-iBunker-checkManifestLockResult.txt",
			);
			runOnlyForDeploymentPostprocessing = 0;
			shellPath = /bin/sh;
			shellScript = "diff \"${PODS_PODFILE_DIR_PATH}/Podfile.lock\" \"${PODS_ROOT}/Manifest.lock\" > /dev/null\nif [ $? != 0 ] ; then\n    # print error to STDERR\n    echo \"error: The sandbox is not in sync with the Podfile.lock. Run 'pod install' or update your CocoaPods installation.\" >&2\n    exit 1\nfi\n# This output is used by Xcode 'outputs' to avoid re-running this script phase.\necho \"SUCCESS\" > \"${SCRIPT_OUTPUT_FILE_0}\"\n";
			showEnvVarsInLog = 0;
		};
		A63AF815DF231A54736B7149 /* [CP] Embed Pods Frameworks */ = {
			isa = PBXShellScriptBuildPhase;
			buildActionMask = 2147483647;
			files = (
			);
			inputFileListPaths = (
				"${PODS_ROOT}/Target Support Files/Pods-iBunker/Pods-iBunker-frameworks-${CONFIGURATION}-input-files.xcfilelist",
			);
			name = "[CP] Embed Pods Frameworks";
			outputFileListPaths = (
				"${PODS_ROOT}/Target Support Files/Pods-iBunker/Pods-iBunker-frameworks-${CONFIGURATION}-output-files.xcfilelist",
			);
			runOnlyForDeploymentPostprocessing = 0;
			shellPath = /bin/sh;
			shellScript = "\"${PODS_ROOT}/Target Support Files/Pods-iBunker/Pods-iBunker-frameworks.sh\"\n";
			showEnvVarsInLog = 0;
		};
/* End PBXShellScriptBuildPhase section */

/* Begin PBXSourcesBuildPhase section */
		8B0C3F68235A4688000066E7 /* Sources */ = {
			isa = PBXSourcesBuildPhase;
			buildActionMask = 2147483647;
			files = (
				576FC5712361786D00D63BDB /* ImageView.swift in Sources */,
				576FC56F236162CD00D63BDB /* GetSpacesAround.swift in Sources */,
				8B0C3F70235A4688000066E7 /* AppDelegate.swift in Sources */,
				575F8EEB236017A300C360AE /* HttpAuth.swift in Sources */,
				57E83D092376FD580043D067 /* SpaceListViewModel.swift in Sources */,
				5700DCDA237A268C00E423C5 /* BookingProcessStepOneView.swift in Sources */,
				5700DCDC237A2FF500E423C5 /* ButtonView.swift in Sources */,
				7FA647D4235E02F40053C117 /* CircleImage.swift in Sources */,
				57F1C9AE23820C0500001082 /* BookingProcess.swift in Sources */,
				576FC5692361591E00D63BDB /* RegistrationView.swift in Sources */,
				8BB68FC1235A5E6E00BD68EB /* ConfigurationView.swift in Sources */,
				576FC56B236159F300D63BDB /* FindSpacesView.swift in Sources */,
				8B0C3F91235A5D99000066E7 /* LoginDTO.swift in Sources */,
				7F4EFA9C2376026F0021C60B /* SpacesRow.swift in Sources */,
				576FC5752361904200D63BDB /* SpacesDetailsView.swift in Sources */,
				8B0C3F72235A4688000066E7 /* SceneDelegate.swift in Sources */,
				579819A9237B9BA000E39BC8 /* DashboardTabBarSUIView.swift in Sources */,
				575F8EED2360186000C360AE /* DashboardView.swift in Sources */,
				8B0C3F93235A5DC4000066E7 /* UserDTO.swift in Sources */,
				57FA5096236488C4005B3BA2 /* DashboardTabBarView.swift in Sources */,
				8B0C3F74235A4688000066E7 /* ContentView.swift in Sources */,
				57F1C9B1238248F400001082 /* Extensions.swift in Sources */,
				57887EBA2367A28D006DAE93 /* LoginView.swift in Sources */,
				7F4EFA9B237602620021C60B /* SpaceViewModel.swift in Sources */,
				57183F0A2366B2EA00BB93C2 /* LocationManager.swift in Sources */,
				575F8EEF236018AD00C360AE /* RootView.swift in Sources */,
			);
			runOnlyForDeploymentPostprocessing = 0;
		};
/* End PBXSourcesBuildPhase section */

/* Begin PBXVariantGroup section */
		8B0C3F7A235A4689000066E7 /* LaunchScreen.storyboard */ = {
			isa = PBXVariantGroup;
			children = (
				8B0C3F7B235A4689000066E7 /* Base */,
			);
			name = LaunchScreen.storyboard;
			sourceTree = "<group>";
		};
/* End PBXVariantGroup section */

/* Begin XCBuildConfiguration section */
		8B0C3F7E235A4689000066E7 /* Debug */ = {
			isa = XCBuildConfiguration;
			buildSettings = {
				ALWAYS_SEARCH_USER_PATHS = NO;
				CLANG_ANALYZER_NONNULL = YES;
				CLANG_ANALYZER_NUMBER_OBJECT_CONVERSION = YES_AGGRESSIVE;
				CLANG_CXX_LANGUAGE_STANDARD = "gnu++14";
				CLANG_CXX_LIBRARY = "libc++";
				CLANG_ENABLE_MODULES = YES;
				CLANG_ENABLE_OBJC_ARC = YES;
				CLANG_ENABLE_OBJC_WEAK = YES;
				CLANG_WARN_BLOCK_CAPTURE_AUTORELEASING = YES;
				CLANG_WARN_BOOL_CONVERSION = YES;
				CLANG_WARN_COMMA = YES;
				CLANG_WARN_CONSTANT_CONVERSION = YES;
				CLANG_WARN_DEPRECATED_OBJC_IMPLEMENTATIONS = YES;
				CLANG_WARN_DIRECT_OBJC_ISA_USAGE = YES_ERROR;
				CLANG_WARN_DOCUMENTATION_COMMENTS = YES;
				CLANG_WARN_EMPTY_BODY = YES;
				CLANG_WARN_ENUM_CONVERSION = YES;
				CLANG_WARN_INFINITE_RECURSION = YES;
				CLANG_WARN_INT_CONVERSION = YES;
				CLANG_WARN_NON_LITERAL_NULL_CONVERSION = YES;
				CLANG_WARN_OBJC_IMPLICIT_RETAIN_SELF = YES;
				CLANG_WARN_OBJC_LITERAL_CONVERSION = YES;
				CLANG_WARN_OBJC_ROOT_CLASS = YES_ERROR;
				CLANG_WARN_RANGE_LOOP_ANALYSIS = YES;
				CLANG_WARN_STRICT_PROTOTYPES = YES;
				CLANG_WARN_SUSPICIOUS_MOVE = YES;
				CLANG_WARN_UNGUARDED_AVAILABILITY = YES_AGGRESSIVE;
				CLANG_WARN_UNREACHABLE_CODE = YES;
				CLANG_WARN__DUPLICATE_METHOD_MATCH = YES;
				COPY_PHASE_STRIP = NO;
				DEBUG_INFORMATION_FORMAT = dwarf;
				ENABLE_STRICT_OBJC_MSGSEND = YES;
				ENABLE_TESTABILITY = YES;
				GCC_C_LANGUAGE_STANDARD = gnu11;
				GCC_DYNAMIC_NO_PIC = NO;
				GCC_NO_COMMON_BLOCKS = YES;
				GCC_OPTIMIZATION_LEVEL = 0;
				GCC_PREPROCESSOR_DEFINITIONS = (
					"DEBUG=1",
					"$(inherited)",
				);
				GCC_WARN_64_TO_32_BIT_CONVERSION = YES;
				GCC_WARN_ABOUT_RETURN_TYPE = YES_ERROR;
				GCC_WARN_UNDECLARED_SELECTOR = YES;
				GCC_WARN_UNINITIALIZED_AUTOS = YES_AGGRESSIVE;
				GCC_WARN_UNUSED_FUNCTION = YES;
				GCC_WARN_UNUSED_VARIABLE = YES;
				IPHONEOS_DEPLOYMENT_TARGET = 13.1;
				MTL_ENABLE_DEBUG_INFO = INCLUDE_SOURCE;
				MTL_FAST_MATH = YES;
				ONLY_ACTIVE_ARCH = YES;
				SDKROOT = iphoneos;
				SWIFT_ACTIVE_COMPILATION_CONDITIONS = DEBUG;
				SWIFT_OPTIMIZATION_LEVEL = "-Onone";
			};
			name = Debug;
		};
		8B0C3F7F235A4689000066E7 /* Release */ = {
			isa = XCBuildConfiguration;
			buildSettings = {
				ALWAYS_SEARCH_USER_PATHS = NO;
				CLANG_ANALYZER_NONNULL = YES;
				CLANG_ANALYZER_NUMBER_OBJECT_CONVERSION = YES_AGGRESSIVE;
				CLANG_CXX_LANGUAGE_STANDARD = "gnu++14";
				CLANG_CXX_LIBRARY = "libc++";
				CLANG_ENABLE_MODULES = YES;
				CLANG_ENABLE_OBJC_ARC = YES;
				CLANG_ENABLE_OBJC_WEAK = YES;
				CLANG_WARN_BLOCK_CAPTURE_AUTORELEASING = YES;
				CLANG_WARN_BOOL_CONVERSION = YES;
				CLANG_WARN_COMMA = YES;
				CLANG_WARN_CONSTANT_CONVERSION = YES;
				CLANG_WARN_DEPRECATED_OBJC_IMPLEMENTATIONS = YES;
				CLANG_WARN_DIRECT_OBJC_ISA_USAGE = YES_ERROR;
				CLANG_WARN_DOCUMENTATION_COMMENTS = YES;
				CLANG_WARN_EMPTY_BODY = YES;
				CLANG_WARN_ENUM_CONVERSION = YES;
				CLANG_WARN_INFINITE_RECURSION = YES;
				CLANG_WARN_INT_CONVERSION = YES;
				CLANG_WARN_NON_LITERAL_NULL_CONVERSION = YES;
				CLANG_WARN_OBJC_IMPLICIT_RETAIN_SELF = YES;
				CLANG_WARN_OBJC_LITERAL_CONVERSION = YES;
				CLANG_WARN_OBJC_ROOT_CLASS = YES_ERROR;
				CLANG_WARN_RANGE_LOOP_ANALYSIS = YES;
				CLANG_WARN_STRICT_PROTOTYPES = YES;
				CLANG_WARN_SUSPICIOUS_MOVE = YES;
				CLANG_WARN_UNGUARDED_AVAILABILITY = YES_AGGRESSIVE;
				CLANG_WARN_UNREACHABLE_CODE = YES;
				CLANG_WARN__DUPLICATE_METHOD_MATCH = YES;
				COPY_PHASE_STRIP = NO;
				DEBUG_INFORMATION_FORMAT = "dwarf-with-dsym";
				ENABLE_NS_ASSERTIONS = NO;
				ENABLE_STRICT_OBJC_MSGSEND = YES;
				GCC_C_LANGUAGE_STANDARD = gnu11;
				GCC_NO_COMMON_BLOCKS = YES;
				GCC_WARN_64_TO_32_BIT_CONVERSION = YES;
				GCC_WARN_ABOUT_RETURN_TYPE = YES_ERROR;
				GCC_WARN_UNDECLARED_SELECTOR = YES;
				GCC_WARN_UNINITIALIZED_AUTOS = YES_AGGRESSIVE;
				GCC_WARN_UNUSED_FUNCTION = YES;
				GCC_WARN_UNUSED_VARIABLE = YES;
				IPHONEOS_DEPLOYMENT_TARGET = 13.1;
				MTL_ENABLE_DEBUG_INFO = NO;
				MTL_FAST_MATH = YES;
				SDKROOT = iphoneos;
				SWIFT_COMPILATION_MODE = wholemodule;
				SWIFT_OPTIMIZATION_LEVEL = "-O";
				VALIDATE_PRODUCT = YES;
			};
			name = Release;
		};
		8B0C3F81235A4689000066E7 /* Debug */ = {
			isa = XCBuildConfiguration;
			baseConfigurationReference = E002677927211F7AC7A4195C /* Pods-iBunker.debug.xcconfig */;
			buildSettings = {
				ASSETCATALOG_COMPILER_APPICON_NAME = AppIcon;
				CODE_SIGN_STYLE = Automatic;
				DEVELOPMENT_ASSET_PATHS = "\"iBunker/Preview Content\"";
				DEVELOPMENT_TEAM = U7KD5HX6WB;
				ENABLE_PREVIEWS = YES;
				INFOPLIST_FILE = iBunker/Info.plist;
				IPHONEOS_DEPLOYMENT_TARGET = 13.1;
				LD_RUNPATH_SEARCH_PATHS = (
					"$(inherited)",
					"@executable_path/Frameworks",
				);
				PRODUCT_BUNDLE_IDENTIFIER = upc.iBunker;
				PRODUCT_NAME = "$(TARGET_NAME)";
				SWIFT_VERSION = 5.0;
				TARGETED_DEVICE_FAMILY = "1,2";
			};
			name = Debug;
		};
		8B0C3F82235A4689000066E7 /* Release */ = {
			isa = XCBuildConfiguration;
			baseConfigurationReference = 0DF9C2DB1E6E07EE96AE6154 /* Pods-iBunker.release.xcconfig */;
			buildSettings = {
				ASSETCATALOG_COMPILER_APPICON_NAME = AppIcon;
				CODE_SIGN_STYLE = Automatic;
				DEVELOPMENT_ASSET_PATHS = "\"iBunker/Preview Content\"";
				DEVELOPMENT_TEAM = U7KD5HX6WB;
				ENABLE_PREVIEWS = YES;
				INFOPLIST_FILE = iBunker/Info.plist;
				IPHONEOS_DEPLOYMENT_TARGET = 13.1;
				LD_RUNPATH_SEARCH_PATHS = (
					"$(inherited)",
					"@executable_path/Frameworks",
				);
				PRODUCT_BUNDLE_IDENTIFIER = upc.iBunker;
				PRODUCT_NAME = "$(TARGET_NAME)";
				SWIFT_VERSION = 5.0;
				TARGETED_DEVICE_FAMILY = "1,2";
			};
			name = Release;
		};
/* End XCBuildConfiguration section */

/* Begin XCConfigurationList section */
		8B0C3F67235A4688000066E7 /* Build configuration list for PBXProject "iBunker" */ = {
			isa = XCConfigurationList;
			buildConfigurations = (
				8B0C3F7E235A4689000066E7 /* Debug */,
				8B0C3F7F235A4689000066E7 /* Release */,
			);
			defaultConfigurationIsVisible = 0;
			defaultConfigurationName = Release;
		};
		8B0C3F80235A4689000066E7 /* Build configuration list for PBXNativeTarget "iBunker" */ = {
			isa = XCConfigurationList;
			buildConfigurations = (
				8B0C3F81235A4689000066E7 /* Debug */,
				8B0C3F82235A4689000066E7 /* Release */,
			);
			defaultConfigurationIsVisible = 0;
			defaultConfigurationName = Release;
		};
/* End XCConfigurationList section */

/* Begin XCRemoteSwiftPackageReference section */
		579819AA237B9BF600E39BC8 /* XCRemoteSwiftPackageReference "bottombar-swiftui" */ = {
			isa = XCRemoteSwiftPackageReference;
			repositoryURL = "https://github.com/smartvipere75/bottombar-swiftui";
			requirement = {
				branch = master;
				kind = branch;
			};
		};
/* End XCRemoteSwiftPackageReference section */

/* Begin XCSwiftPackageProductDependency section */
		579819AB237B9BF600E39BC8 /* BottomBar-SwiftUI */ = {
			isa = XCSwiftPackageProductDependency;
			package = 579819AA237B9BF600E39BC8 /* XCRemoteSwiftPackageReference "bottombar-swiftui" */;
			productName = "BottomBar-SwiftUI";
		};
/* End XCSwiftPackageProductDependency section */
	};
	rootObject = 8B0C3F64235A4688000066E7 /* Project object */;
}
